
Microsoft Visual Studio Solution File, Format Version 12.00
# Visual Studio Version 17
VisualStudioVersion = 17.12.35707.178
MinimumVisualStudioVersion = 10.0.40219.1
Project("{FAE04EC0-301F-11D3-BF4B-00C04F79EFBC}") = "AvaloniaDemo", "AvaloniaDemo\AvaloniaDemo.csproj", "{0FB42680-7FAE-4479-A491-9EC4C08534A1}"
EndProject
Project("{FAE04EC0-301F-11D3-BF4B-00C04F79EFBC}") = "CefDotnet", "CefDotnet\CefDotnet.csproj", "{D3ECFE55-252F-7605-5D18-7932EFD45D5A}"
EndProject
Global
	GlobalSection(SolutionConfigurationPlatforms) = preSolution
		Debug|Any CPU = Debug|Any CPU
		Release|Any CPU = Release|Any CPU
	EndGlobalSection
	GlobalSection(ProjectConfigurationPlatforms) = postSolution
		{0FB42680-7FAE-4479-A491-9EC4C08534A1}.Debug|Any CPU.ActiveCfg = Debug|Any CPU
		{0FB42680-7FAE-4479-A491-9EC4C08534A1}.Debug|Any CPU.Build.0 = Debug|Any CPU
		{0FB42680-7FAE-4479-A491-9EC4C08534A1}.Release|Any CPU.ActiveCfg = Release|Any CPU
		{0FB42680-7FAE-4479-A491-9EC4C08534A1}.Release|Any CPU.Build.0 = Release|Any CPU
		{D3ECFE55-252F-7605-5D18-7932EFD45D5A}.Debug|Any CPU.ActiveCfg = Debug|Any CPU
		{D3ECFE55-252F-7605-5D18-7932EFD45D5A}.Debug|Any CPU.Build.0 = Debug|Any CPU
		{D3ECFE55-252F-7605-5D18-7932EFD45D5A}.Release|Any CPU.ActiveCfg = Release|Any CPU
		{D3ECFE55-252F-7605-5D18-7932EFD45D5A}.Release|Any CPU.Build.0 = Release|Any CPU
	EndGlobalSection
	GlobalSection(SolutionProperties) = preSolution
		HideSolutionNode = FALSE
	EndGlobalSection
	GlobalSection(ExtensibilityGlobals) = postSolution
		SolutionGuid = {15AEED48-A55F-4F11-872D-67307A5D26C9}
	EndGlobalSection
EndGlobal
